// !$*UTF8*$!
{
	archiveVersion = 1;
	classes = {
	};
	objectVersion = 50;
	objects = {

/* Begin PBXBuildFile section */
		9755504A23E06049004CBEA8 /* AppDelegate.swift in Sources */ = {isa = PBXBuildFile; fileRef = 9755504923E06049004CBEA8 /* AppDelegate.swift */; };
		9755504C23E06049004CBEA8 /* SceneDelegate.swift in Sources */ = {isa = PBXBuildFile; fileRef = 9755504B23E06049004CBEA8 /* SceneDelegate.swift */; };
		9755504E23E06049004CBEA8 /* ContentView.swift in Sources */ = {isa = PBXBuildFile; fileRef = 9755504D23E06049004CBEA8 /* ContentView.swift */; };
		9755505023E0604C004CBEA8 /* Assets.xcassets in Resources */ = {isa = PBXBuildFile; fileRef = 9755504F23E0604C004CBEA8 /* Assets.xcassets */; };
		9755505323E0604C004CBEA8 /* Preview Assets.xcassets in Resources */ = {isa = PBXBuildFile; fileRef = 9755505223E0604C004CBEA8 /* Preview Assets.xcassets */; };
		9755505623E0604C004CBEA8 /* LaunchScreen.storyboard in Resources */ = {isa = PBXBuildFile; fileRef = 9755505423E0604C004CBEA8 /* LaunchScreen.storyboard */; };
		9755505E23E063B5004CBEA8 /* color.xcassets in Resources */ = {isa = PBXBuildFile; fileRef = 9755505D23E063B5004CBEA8 /* color.xcassets */; };
/* End PBXBuildFile section */

/* Begin PBXFileReference section */
		9755504623E06049004CBEA8 /* Tiranga.app */ = {isa = PBXFileReference; explicitFileType = wrapper.application; includeInIndex = 0; path = Tiranga.app; sourceTree = BUILT_PRODUCTS_DIR; };
		9755504923E06049004CBEA8 /* AppDelegate.swift */ = {isa = PBXFileReference; lastKnownFileType = sourcecode.swift; path = AppDelegate.swift; sourceTree = "<group>"; };
		9755504B23E06049004CBEA8 /* SceneDelegate.swift */ = {isa = PBXFileReference; lastKnownFileType = sourcecode.swift; path = SceneDelegate.swift; sourceTree = "<group>"; };
		9755504D23E06049004CBEA8 /* ContentView.swift */ = {isa = PBXFileReference; lastKnownFileType = sourcecode.swift; path = ContentView.swift; sourceTree = "<group>"; };
		9755504F23E0604C004CBEA8 /* Assets.xcassets */ = {isa = PBXFileReference; lastKnownFileType = folder.assetcatalog; path = Assets.xcassets; sourceTree = "<group>"; };
		9755505223E0604C004CBEA8 /* Preview Assets.xcassets */ = {isa = PBXFileReference; lastKnownFileType = folder.assetcatalog; path = "Preview Assets.xcassets"; sourceTree = "<group>"; };
		9755505523E0604C004CBEA8 /* Base */ = {isa = PBXFileReference; lastKnownFileType = file.storyboard; name = Base; path = Base.lproj/LaunchScreen.storyboard; sourceTree = "<group>"; };
		9755505723E0604C004CBEA8 /* Info.plist */ = {isa = PBXFileReference; lastKnownFileType = text.plist.xml; path = Info.plist; sourceTree = "<group>"; };
		9755505D23E063B5004CBEA8 /* color.xcassets */ = {isa = PBXFileReference; lastKnownFileType = folder.assetcatalog; path = color.xcassets; sourceTree = "<group>"; };
/* End PBXFileReference section */

/* Begin PBXFrameworksBuildPhase section */
		9755504323E06049004CBEA8 /* Frameworks */ = {
			isa = PBXFrameworksBuildPhase;
			buildActionMask = 2147483647;
			files = (
			);
			runOnlyForDeploymentPostprocessing = 0;
		};
/* End PBXFrameworksBuildPhase section */

/* Begin PBXGroup section */
		9755503D23E06049004CBEA8 = {
			isa = PBXGroup;
			children = (
				9755504823E06049004CBEA8 /* Tiranga */,
				9755504723E06049004CBEA8 /* Products */,
			);
			sourceTree = "<group>";
		};
		9755504723E06049004CBEA8 /* Products */ = {
			isa = PBXGroup;
			children = (
				9755504623E06049004CBEA8 /* Tiranga.app */,
			);
			name = Products;
			sourceTree = "<group>";
		};
		9755504823E06049004CBEA8 /* Tiranga */ = {
			isa = PBXGroup;
			children = (
				9755504923E06049004CBEA8 /* AppDelegate.swift */,
				9755504B23E06049004CBEA8 /* SceneDelegate.swift */,
				9755504D23E06049004CBEA8 /* ContentView.swift */,
				9755504F23E0604C004CBEA8 /* Assets.xcassets */,
				9755505D23E063B5004CBEA8 /* color.xcassets */,
				9755505423E0604C004CBEA8 /* LaunchScreen.storyboard */,
				9755505723E0604C004CBEA8 /* Info.plist */,
				9755505123E0604C004CBEA8 /* Preview Content */,
			);
			path = Tiranga;
			sourceTree = "<group>";
		};
		9755505123E0604C004CBEA8 /* Preview Content */ = {
			isa = PBXGroup;
			children = (
				9755505223E0604C004CBEA8 /* Preview Assets.xcassets */,
			);
			path = "Preview Content";
			sourceTree = "<group>";
		};
/* End PBXGroup section */

/* Begin PBXNativeTarget section */
		9755504523E06049004CBEA8 /* Tiranga */ = {
			isa = PBXNativeTarget;
			buildConfigurationList = 9755505A23E0604C004CBEA8 /* Build configuration list for PBXNativeTarget "Tiranga" */;
			buildPhases = (
				9755504223E06049004CBEA8 /* Sources */,
				9755504323E06049004CBEA8 /* Frameworks */,
				9755504423E06049004CBEA8 /* Resources */,
			);
			buildRules = (
			);
			dependencies = (
			);
			name = Tiranga;
			productName = Tiranga;
			productReference = 9755504623E06049004CBEA8 /* Tiranga.app */;
			productType = "com.apple.product-type.application";
		};
/* End PBXNativeTarget section */

/* Begin PBXProject section */
		9755503E23E06049004CBEA8 /* Project object */ = {
			isa = PBXProject;
			attributes = {
				LastSwiftUpdateCheck = 1130;
				LastUpgradeCheck = 1130;
				ORGANIZATIONNAME = "Puspank Kumar";
				TargetAttributes = {
					9755504523E06049004CBEA8 = {
						CreatedOnToolsVersion = 11.3.1;
					};
				};
			};
			buildConfigurationList = 9755504123E06049004CBEA8 /* Build configuration list for PBXProject "Tiranga" */;
			compatibilityVersion = "Xcode 9.3";
			developmentRegion = en;
			hasScannedForEncodings = 0;
			knownRegions = (
				en,
				Base,
			);
			mainGroup = 9755503D23E06049004CBEA8;
			productRefGroup = 9755504723E06049004CBEA8 /* Products */;
			projectDirPath = "";
			projectRoot = "";
			targets = (
				9755504523E06049004CBEA8 /* Tiranga */,
			);
		};
/* End PBXProject section */

/* Begin PBXResourcesBuildPhase section */
		9755504423E06049004CBEA8 /* Resources */ = {
			isa = PBXResourcesBuildPhase;
			buildActionMask = 2147483647;
			files = (
				9755505623E0604C004CBEA8 /* LaunchScreen.storyboard in Resources */,
				9755505E23E063B5004CBEA8 /* color.xcassets in Resources */,
				9755505323E0604C004CBEA8 /* Preview Assets.xcassets in Resources */,
				9755505023E0604C004CBEA8 /* Assets.xcassets in Resources */,
			);
			runOnlyForDeploymentPostprocessing = 0;
		};
/* End PBXResourcesBuildPhase section */

/* Begin PBXSourcesBuildPhase section */
		9755504223E06049004CBEA8 /* Sources */ = {
			isa = PBXSourcesBuildPhase;
			buildActionMask = 2147483647;
			files = (
				9755504A23E06049004CBEA8 /* AppDelegate.swift in Sources */,
				9755504C23E06049004CBEA8 /* SceneDelegate.swift in Sources */,
				9755504E23E06049004CBEA8 /* ContentView.swift in Sources */,
			);
			runOnlyForDeploymentPostprocessing = 0;
		};
/* End PBXSourcesBuildPhase section */

/* Begin PBXVariantGroup section */
		9755505423E0604C004CBEA8 /* LaunchScreen.storyboard */ = {
			isa = PBXVariantGroup;
			children = (
				9755505523E0604C004CBEA8 /* Base */,
			);
			name = LaunchScreen.storyboard;
			sourceTree = "<group>";
		};
/* End PBXVariantGroup section */

/* Begin XCBuildConfiguration section */
		9755505823E0604C004CBEA8 /* Debug */ = {
			isa = XCBuildConfiguration;
			buildSettings = {
				ALWAYS_SEARCH_USER_PATHS = NO;
				CLANG_ANALYZER_NONNULL = YES;
				CLANG_ANALYZER_NUMBER_OBJECT_CONVERSION = YES_AGGRESSIVE;
				CLANG_CXX_LANGUAGE_STANDARD = "gnu++14";
				CLANG_CXX_LIBRARY = "libc++";
				CLANG_ENABLE_MODULES = YES;
				CLANG_ENABLE_OBJC_ARC = YES;
				CLANG_ENABLE_OBJC_WEAK = YES;
				CLANG_WARN_BLOCK_CAPTURE_AUTORELEASING = YES;
				CLANG_WARN_BOOL_CONVERSION = YES;
				CLANG_WARN_COMMA = YES;
				CLANG_WARN_CONSTANT_CONVERSION = YES;
				CLANG_WARN_DEPRECATED_OBJC_IMPLEMENTATIONS = YES;
				CLANG_WARN_DIRECT_OBJC_ISA_USAGE = YES_ERROR;
				CLANG_WARN_DOCUMENTATION_COMMENTS = YES;
				CLANG_WARN_EMPTY_BODY = YES;
				CLANG_WARN_ENUM_CONVERSION = YES;
				CLANG_WARN_INFINITE_RECURSION = YES;
				CLANG_WARN_INT_CONVERSION = YES;
				CLANG_WARN_NON_LITERAL_NULL_CONVERSION = YES;
				CLANG_WARN_OBJC_IMPLICIT_RETAIN_SELF = YES;
				CLANG_WARN_OBJC_LITERAL_CONVERSION = YES;
				CLANG_WARN_OBJC_ROOT_CLASS = YES_ERROR;
				CLANG_WARN_RANGE_LOOP_ANALYSIS = YES;
				CLANG_WARN_STRICT_PROTOTYPES = YES;
				CLANG_WARN_SUSPICIOUS_MOVE = YES;
				CLANG_WARN_UNGUARDED_AVAILABILITY = YES_AGGRESSIVE;
				CLANG_WARN_UNREACHABLE_CODE = YES;
				CLANG_WARN__DUPLICATE_METHOD_MATCH = YES;
				COPY_PHASE_STRIP = NO;
				DEBUG_INFORMATION_FORMAT = dwarf;
				ENABLE_STRICT_OBJC_MSGSEND = YES;
				ENABLE_TESTABILITY = YES;
				GCC_C_LANGUAGE_STANDARD = gnu11;
				GCC_DYNAMIC_NO_PIC = NO;
				GCC_NO_COMMON_BLOCKS = YES;
				GCC_OPTIMIZATION_LEVEL = 0;
				GCC_PREPROCESSOR_DEFINITIONS = (
					"DEBUG=1",
					"$(inherited)",
				);
				GCC_WARN_64_TO_32_BIT_CONVERSION = YES;
				GCC_WARN_ABOUT_RETURN_TYPE = YES_ERROR;
				GCC_WARN_UNDECLARED_SELECTOR = YES;
				GCC_WARN_UNINITIALIZED_AUTOS = YES_AGGRESSIVE;
				GCC_WARN_UNUSED_FUNCTION = YES;
				GCC_WARN_UNUSED_VARIABLE = YES;
				IPHONEOS_DEPLOYMENT_TARGET = 13.2;
				MTL_ENABLE_DEBUG_INFO = INCLUDE_SOURCE;
				MTL_FAST_MATH = YES;
				ONLY_ACTIVE_ARCH = YES;
				SDKROOT = iphoneos;
				SWIFT_ACTIVE_COMPILATION_CONDITIONS = DEBUG;
				SWIFT_OPTIMIZATION_LEVEL = "-Onone";
			};
			name = Debug;
		};
		9755505923E0604C004CBEA8 /* Release */ = {
			isa = XCBuildConfiguration;
			buildSettings = {
				ALWAYS_SEARCH_USER_PATHS = NO;
				CLANG_ANALYZER_NONNULL = YES;
				CLANG_ANALYZER_NUMBER_OBJECT_CONVERSION = YES_AGGRESSIVE;
				CLANG_CXX_LANGUAGE_STANDARD = "gnu++14";
				CLANG_CXX_LIBRARY = "libc++";
				CLANG_ENABLE_MODULES = YES;
				CLANG_ENABLE_OBJC_ARC = YES;
				CLANG_ENABLE_OBJC_WEAK = YES;
				CLANG_WARN_BLOCK_CAPTURE_AUTORELEASING = YES;
				CLANG_WARN_BOOL_CONVERSION = YES;
				CLANG_WARN_COMMA = YES;
				CLANG_WARN_CONSTANT_CONVERSION = YES;
				CLANG_WARN_DEPRECATED_OBJC_IMPLEMENTATIONS = YES;
				CLANG_WARN_DIRECT_OBJC_ISA_USAGE = YES_ERROR;
				CLANG_WARN_DOCUMENTATION_COMMENTS = YES;
				CLANG_WARN_EMPTY_BODY = YES;
				CLANG_WARN_ENUM_CONVERSION = YES;
				CLANG_WARN_INFINITE_RECURSION = YES;
				CLANG_WARN_INT_CONVERSION = YES;
				CLANG_WARN_NON_LITERAL_NULL_CONVERSION = YES;
				CLANG_WARN_OBJC_IMPLICIT_RETAIN_SELF = YES;
				CLANG_WARN_OBJC_LITERAL_CONVERSION = YES;
				CLANG_WARN_OBJC_ROOT_CLASS = YES_ERROR;
				CLANG_WARN_RANGE_LOOP_ANALYSIS = YES;
				CLANG_WARN_STRICT_PROTOTYPES = YES;
				CLANG_WARN_SUSPICIOUS_MOVE = YES;
				CLANG_WARN_UNGUARDED_AVAILABILITY = YES_AGGRESSIVE;
				CLANG_WARN_UNREACHABLE_CODE = YES;
				CLANG_WARN__DUPLICATE_METHOD_MATCH = YES;
				COPY_PHASE_STRIP = NO;
				DEBUG_INFORMATION_FORMAT = "dwarf-with-dsym";
				ENABLE_NS_ASSERTIONS = NO;
				ENABLE_STRICT_OBJC_MSGSEND = YES;
				GCC_C_LANGUAGE_STANDARD = gnu11;
				GCC_NO_COMMON_BLOCKS = YES;
				GCC_WARN_64_TO_32_BIT_CONVERSION = YES;
				GCC_WARN_ABOUT_RETURN_TYPE = YES_ERROR;
				GCC_WARN_UNDECLARED_SELECTOR = YES;
				GCC_WARN_UNINITIALIZED_AUTOS = YES_AGGRESSIVE;
				GCC_WARN_UNUSED_FUNCTION = YES;
				GCC_WARN_UNUSED_VARIABLE = YES;
				IPHONEOS_DEPLOYMENT_TARGET = 13.2;
				MTL_ENABLE_DEBUG_INFO = NO;
				MTL_FAST_MATH = YES;
				SDKROOT = iphoneos;
				SWIFT_COMPILATION_MODE = wholemodule;
				SWIFT_OPTIMIZATION_LEVEL = "-O";
				VALIDATE_PRODUCT = YES;
			};
			name = Release;
		};
		9755505B23E0604C004CBEA8 /* Debug */ = {
			isa = XCBuildConfiguration;
			buildSettings = {
				ASSETCATALOG_COMPILER_APPICON_NAME = AppIcon;
				CODE_SIGN_STYLE = Automatic;
				DEVELOPMENT_ASSET_PATHS = "\"Tiranga/Preview Content\"";
				ENABLE_PREVIEWS = YES;
				INFOPLIST_FILE = Tiranga/Info.plist;
				LD_RUNPATH_SEARCH_PATHS = (
					"$(inherited)",
					"@executable_path/Frameworks",
				);
				PRODUCT_BUNDLE_IDENTIFIER = pushpank.Tiranga;
				PRODUCT_NAME = "$(TARGET_NAME)";
				SWIFT_VERSION = 5.0;
				TARGETED_DEVICE_FAMILY = "1,2";
			};
			name = Debug;
		};
		9755505C23E0604C004CBEA8 /* Release */ = {
			isa = XCBuildConfiguration;
			buildSettings = {
				ASSETCATALOG_COMPILER_APPICON_NAME = AppIcon;
				CODE_SIGN_STYLE = Automatic;
				DEVELOPMENT_ASSET_PATHS = "\"Tiranga/Preview Content\"";
				ENABLE_PREVIEWS = YES;
				INFOPLIST_FILE = Tiranga/Info.plist;
				LD_RUNPATH_SEARCH_PATHS = (
					"$(inherited)",
					"@executable_path/Frameworks",
				);
				PRODUCT_BUNDLE_IDENTIFIER = pushpank.Tiranga;
				PRODUCT_NAME = "$(TARGET_NAME)";
				SWIFT_VERSION = 5.0;
				TARGETED_DEVICE_FAMILY = "1,2";
			};
			name = Release;
		};
/* End XCBuildConfiguration section */

/* Begin XCConfigurationList section */
		9755504123E06049004CBEA8 /* Build configuration list for PBXProject "Tiranga" */ = {
			isa = XCConfigurationList;
			buildConfigurations = (
				9755505823E0604C004CBEA8 /* Debug */,
				9755505923E0604C004CBEA8 /* Release */,
			);
			defaultConfigurationIsVisible = 0;
			defaultConfigurationName = Release;
		};
		9755505A23E0604C004CBEA8 /* Build configuration list for PBXNativeTarget "Tiranga" */ = {
			isa = XCConfigurationList;
			buildConfigurations = (
				9755505B23E0604C004CBEA8 /* Debug */,
				9755505C23E0604C004CBEA8 /* Release */,
			);
			defaultConfigurationIsVisible = 0;
			defaultConfigurationName = Release;
		};
/* End XCConfigurationList section */
	};
	rootObject = 9755503E23E06049004CBEA8 /* Project object */;
}
